
Microsoft Visual Studio Solution File, Format Version 12.00
# Visual Studio 14
VisualStudioVersion = 14.0.25420.1
MinimumVisualStudioVersion = 10.0.40219.1
Project("{2150E333-8FDC-42A3-9474-1A3956D46DE8}") = "src", "src", "{7853558B-EF67-4D4B-821A-D20242DA802A}"
EndProject
Project("{2150E333-8FDC-42A3-9474-1A3956D46DE8}") = "Solution Items", "Solution Items", "{2F4A40A0-2644-4BA5-99D4-E83BD67AF2D9}"
	ProjectSection(SolutionItems) = preProject
		global.json = global.json
	EndProjectSection
EndProject
Project("{8BB2217D-0F2D-49D1-97BC-3654ED321F3B}") = "IntranetRSCI", "src\IntranetRSCI\IntranetRSCI.xproj", "{66614560-FFDE-4BCB-A119-75B8646CCF4B}"
EndProject
Global
	GlobalSection(SolutionConfigurationPlatforms) = preSolution
		Debug|Any CPU = Debug|Any CPU
		Release|Any CPU = Release|Any CPU
	EndGlobalSection
	GlobalSection(ProjectConfigurationPlatforms) = postSolution
		{66614560-FFDE-4BCB-A119-75B8646CCF4B}.Debug|Any CPU.ActiveCfg = Debug|Any CPU
		{66614560-FFDE-4BCB-A119-75B8646CCF4B}.Debug|Any CPU.Build.0 = Debug|Any CPU
		{66614560-FFDE-4BCB-A119-75B8646CCF4B}.Release|Any CPU.ActiveCfg = Release|Any CPU
		{66614560-FFDE-4BCB-A119-75B8646CCF4B}.Release|Any CPU.Build.0 = Release|Any CPU
	EndGlobalSection
	GlobalSection(SolutionProperties) = preSolution
		HideSolutionNode = FALSE
	EndGlobalSection
	GlobalSection(NestedProjects) = preSolution
		{66614560-FFDE-4BCB-A119-75B8646CCF4B} = {7853558B-EF67-4D4B-821A-D20242DA802A}
	EndGlobalSection
EndGlobal
